
Microsoft Visual Studio Solution File, Format Version 12.00
# Visual Studio 15
VisualStudioVersion = 15.0.28307.757
MinimumVisualStudioVersion = 10.0.40219.1
Project("{FAE04EC0-301F-11D3-BF4B-00C04F79EFBC}") = "Lab1", "Lab1\Lab1.csproj", "{26D908E5-6DE1-42A6-8898-54D2F5615EFF}"
EndProject
Project("{FAE04EC0-301F-11D3-BF4B-00C04F79EFBC}") = "ClassLibrary1", "ClassLibrary1\ClassLibrary1.csproj", "{F62132FF-E4EB-4DC3-B342-C641A16C1F0E}"
EndProject
Global
	GlobalSection(SolutionConfigurationPlatforms) = preSolution
		Debug|Any CPU = Debug|Any CPU
		Release|Any CPU = Release|Any CPU
	EndGlobalSection
	GlobalSection(ProjectConfigurationPlatforms) = postSolution
		{26D908E5-6DE1-42A6-8898-54D2F5615EFF}.Debug|Any CPU.ActiveCfg = Debug|Any CPU
		{26D908E5-6DE1-42A6-8898-54D2F5615EFF}.Debug|Any CPU.Build.0 = Debug|Any CPU
		{26D908E5-6DE1-42A6-8898-54D2F5615EFF}.Release|Any CPU.ActiveCfg = Release|Any CPU
		{26D908E5-6DE1-42A6-8898-54D2F5615EFF}.Release|Any CPU.Build.0 = Release|Any CPU
		{F62132FF-E4EB-4DC3-B342-C641A16C1F0E}.Debug|Any CPU.ActiveCfg = Debug|Any CPU
		{F62132FF-E4EB-4DC3-B342-C641A16C1F0E}.Debug|Any CPU.Build.0 = Debug|Any CPU
		{F62132FF-E4EB-4DC3-B342-C641A16C1F0E}.Release|Any CPU.ActiveCfg = Release|Any CPU
		{F62132FF-E4EB-4DC3-B342-C641A16C1F0E}.Release|Any CPU.Build.0 = Release|Any CPU
	EndGlobalSection
	GlobalSection(SolutionProperties) = preSolution
		HideSolutionNode = FALSE
	EndGlobalSection
	GlobalSection(ExtensibilityGlobals) = postSolution
		SolutionGuid = {CF36F7A8-7C6A-4099-9B8B-B67344A8DBBE}
	EndGlobalSection
EndGlobal
